{
  "name": "codeverse",
  "lockfileVersion": 3,
  "requires": true,
  "packages": {},
  "scripts": {
    "start": "node backend/src/index.js",
    "dev": "nodemon backend/src/index.js",
    "build": "npm install && npm install --prefix frontend && npm run build --prefix frontend"
  },
  "keywords": [
    "codeverse",
    "online code editor",
    "online compiler"
  ],
  "author": "Adnan"
}